
Microsoft Visual Studio Solution File, Format Version 12.00
# Visual Studio Version 17
VisualStudioVersion = 17.10.34928.147
MinimumVisualStudioVersion = 10.0.40219.1
Project("{9A19103F-16F7-4668-BE54-9A1E7A4F7556}") = "CLI.WordPress", "CLI.WordPress\CLI.WordPress.csproj", "{C277F4BC-AA48-4F93-8CA6-FDC4A5BA12F9}"
EndProject
Project("{FAE04EC0-301F-11D3-BF4B-00C04F79EFBC}") = "Library.WordPress", "Library.WordPress\Library.WordPress.csproj", "{1723FFA5-523A-40EF-AE0E-D59C2363CCCF}"
EndProject
Global
	GlobalSection(SolutionConfigurationPlatforms) = preSolution
		Debug|Any CPU = Debug|Any CPU
		Release|Any CPU = Release|Any CPU
	EndGlobalSection
	GlobalSection(ProjectConfigurationPlatforms) = postSolution
		{C277F4BC-AA48-4F93-8CA6-FDC4A5BA12F9}.Debug|Any CPU.ActiveCfg = Debug|Any CPU
		{C277F4BC-AA48-4F93-8CA6-FDC4A5BA12F9}.Debug|Any CPU.Build.0 = Debug|Any CPU
		{C277F4BC-AA48-4F93-8CA6-FDC4A5BA12F9}.Release|Any CPU.ActiveCfg = Release|Any CPU
		{C277F4BC-AA48-4F93-8CA6-FDC4A5BA12F9}.Release|Any CPU.Build.0 = Release|Any CPU
		{1723FFA5-523A-40EF-AE0E-D59C2363CCCF}.Debug|Any CPU.ActiveCfg = Debug|Any CPU
		{1723FFA5-523A-40EF-AE0E-D59C2363CCCF}.Debug|Any CPU.Build.0 = Debug|Any CPU
		{1723FFA5-523A-40EF-AE0E-D59C2363CCCF}.Release|Any CPU.ActiveCfg = Release|Any CPU
		{1723FFA5-523A-40EF-AE0E-D59C2363CCCF}.Release|Any CPU.Build.0 = Release|Any CPU
	EndGlobalSection
	GlobalSection(SolutionProperties) = preSolution
		HideSolutionNode = FALSE
	EndGlobalSection
	GlobalSection(ExtensibilityGlobals) = postSolution
		SolutionGuid = {C29BF6E7-CF13-4B68-8238-9B133A63DE69}
	EndGlobalSection
EndGlobal
